// !$*UTF8*$!
{
	archiveVersion = 1;
	classes = {
	};
	objectVersion = 56;
	objects = {

/* Begin PBXBuildFile section */
		1E7400942C21490C007308E2 /* sptApp.swift in Sources */ = {isa = PBXBuildFile; fileRef = 1E7400932C21490C007308E2 /* sptApp.swift */; };
		1E7400962C21490C007308E2 /* ContentView.swift in Sources */ = {isa = PBXBuildFile; fileRef = 1E7400952C21490C007308E2 /* ContentView.swift */; };
		1E7400982C21490C007308E2 /* Item.swift in Sources */ = {isa = PBXBuildFile; fileRef = 1E7400972C21490C007308E2 /* Item.swift */; };
		1E74009A2C21490D007308E2 /* Assets.xcassets in Resources */ = {isa = PBXBuildFile; fileRef = 1E7400992C21490D007308E2 /* Assets.xcassets */; };
		1E74009D2C21490D007308E2 /* Preview Assets.xcassets in Resources */ = {isa = PBXBuildFile; fileRef = 1E74009C2C21490D007308E2 /* Preview Assets.xcassets */; };
		1E7400A72C21490D007308E2 /* sptTests.swift in Sources */ = {isa = PBXBuildFile; fileRef = 1E7400A62C21490D007308E2 /* sptTests.swift */; };
		1E7400B12C21490D007308E2 /* sptUITests.swift in Sources */ = {isa = PBXBuildFile; fileRef = 1E7400B02C21490D007308E2 /* sptUITests.swift */; };
		1E7400B32C21490D007308E2 /* sptUITestsLaunchTests.swift in Sources */ = {isa = PBXBuildFile; fileRef = 1E7400B22C21490D007308E2 /* sptUITestsLaunchTests.swift */; };
/* End PBXBuildFile section */

/* Begin PBXContainerItemProxy section */
		1E7400A32C21490D007308E2 /* PBXContainerItemProxy */ = {
			isa = PBXContainerItemProxy;
			containerPortal = 1E7400882C21490C007308E2 /* Project object */;
			proxyType = 1;
			remoteGlobalIDString = 1E74008F2C21490C007308E2;
			remoteInfo = spt;
		};
		1E7400AD2C21490D007308E2 /* PBXContainerItemProxy */ = {
			isa = PBXContainerItemProxy;
			containerPortal = 1E7400882C21490C007308E2 /* Project object */;
			proxyType = 1;
			remoteGlobalIDString = 1E74008F2C21490C007308E2;
			remoteInfo = spt;
		};
/* End PBXContainerItemProxy section */

/* Begin PBXFileReference section */
		1E7400902C21490C007308E2 /* spt.app */ = {isa = PBXFileReference; explicitFileType = wrapper.application; includeInIndex = 0; path = spt.app; sourceTree = BUILT_PRODUCTS_DIR; };
		1E7400932C21490C007308E2 /* sptApp.swift */ = {isa = PBXFileReference; lastKnownFileType = sourcecode.swift; path = sptApp.swift; sourceTree = "<group>"; };
		1E7400952C21490C007308E2 /* ContentView.swift */ = {isa = PBXFileReference; lastKnownFileType = sourcecode.swift; path = ContentView.swift; sourceTree = "<group>"; };
		1E7400972C21490C007308E2 /* Item.swift */ = {isa = PBXFileReference; lastKnownFileType = sourcecode.swift; path = Item.swift; sourceTree = "<group>"; };
		1E7400992C21490D007308E2 /* Assets.xcassets */ = {isa = PBXFileReference; lastKnownFileType = folder.assetcatalog; path = Assets.xcassets; sourceTree = "<group>"; };
		1E74009C2C21490D007308E2 /* Preview Assets.xcassets */ = {isa = PBXFileReference; lastKnownFileType = folder.assetcatalog; path = "Preview Assets.xcassets"; sourceTree = "<group>"; };
		1E7400A22C21490D007308E2 /* sptTests.xctest */ = {isa = PBXFileReference; explicitFileType = wrapper.cfbundle; includeInIndex = 0; path = sptTests.xctest; sourceTree = BUILT_PRODUCTS_DIR; };
		1E7400A62C21490D007308E2 /* sptTests.swift */ = {isa = PBXFileReference; lastKnownFileType = sourcecode.swift; path = sptTests.swift; sourceTree = "<group>"; };
		1E7400AC2C21490D007308E2 /* sptUITests.xctest */ = {isa = PBXFileReference; explicitFileType = wrapper.cfbundle; includeInIndex = 0; path = sptUITests.xctest; sourceTree = BUILT_PRODUCTS_DIR; };
		1E7400B02C21490D007308E2 /* sptUITests.swift */ = {isa = PBXFileReference; lastKnownFileType = sourcecode.swift; path = sptUITests.swift; sourceTree = "<group>"; };
		1E7400B22C21490D007308E2 /* sptUITestsLaunchTests.swift */ = {isa = PBXFileReference; lastKnownFileType = sourcecode.swift; path = sptUITestsLaunchTests.swift; sourceTree = "<group>"; };
/* End PBXFileReference section */

/* Begin PBXFrameworksBuildPhase section */
		1E74008D2C21490C007308E2 /* Frameworks */ = {
			isa = PBXFrameworksBuildPhase;
			buildActionMask = 2147483647;
			files = (
			);
			runOnlyForDeploymentPostprocessing = 0;
		};
		1E74009F2C21490D007308E2 /* Frameworks */ = {
			isa = PBXFrameworksBuildPhase;
			buildActionMask = 2147483647;
			files = (
			);
			runOnlyForDeploymentPostprocessing = 0;
		};
		1E7400A92C21490D007308E2 /* Frameworks */ = {
			isa = PBXFrameworksBuildPhase;
			buildActionMask = 2147483647;
			files = (
			);
			runOnlyForDeploymentPostprocessing = 0;
		};
/* End PBXFrameworksBuildPhase section */

/* Begin PBXGroup section */
		1E7400872C21490C007308E2 = {
			isa = PBXGroup;
			children = (
				1E7400922C21490C007308E2 /* spt */,
				1E7400A52C21490D007308E2 /* sptTests */,
				1E7400AF2C21490D007308E2 /* sptUITests */,
				1E7400912C21490C007308E2 /* Products */,
			);
			sourceTree = "<group>";
		};
		1E7400912C21490C007308E2 /* Products */ = {
			isa = PBXGroup;
			children = (
				1E7400902C21490C007308E2 /* spt.app */,
				1E7400A22C21490D007308E2 /* sptTests.xctest */,
				1E7400AC2C21490D007308E2 /* sptUITests.xctest */,
			);
			name = Products;
			sourceTree = "<group>";
		};
		1E7400922C21490C007308E2 /* spt */ = {
			isa = PBXGroup;
			children = (
				1E7400932C21490C007308E2 /* sptApp.swift */,
				1E7400952C21490C007308E2 /* ContentView.swift */,
				1E7400972C21490C007308E2 /* Item.swift */,
				1E7400992C21490D007308E2 /* Assets.xcassets */,
				1E74009B2C21490D007308E2 /* Preview Content */,
			);
			path = spt;
			sourceTree = "<group>";
		};
		1E74009B2C21490D007308E2 /* Preview Content */ = {
			isa = PBXGroup;
			children = (
				1E74009C2C21490D007308E2 /* Preview Assets.xcassets */,
			);
			path = "Preview Content";
			sourceTree = "<group>";
		};
		1E7400A52C21490D007308E2 /* sptTests */ = {
			isa = PBXGroup;
			children = (
				1E7400A62C21490D007308E2 /* sptTests.swift */,
			);
			path = sptTests;
			sourceTree = "<group>";
		};
		1E7400AF2C21490D007308E2 /* sptUITests */ = {
			isa = PBXGroup;
			children = (
				1E7400B02C21490D007308E2 /* sptUITests.swift */,
				1E7400B22C21490D007308E2 /* sptUITestsLaunchTests.swift */,
			);
			path = sptUITests;
			sourceTree = "<group>";
		};
/* End PBXGroup section */

/* Begin PBXNativeTarget section */
		1E74008F2C21490C007308E2 /* spt */ = {
			isa = PBXNativeTarget;
			buildConfigurationList = 1E7400B62C21490D007308E2 /* Build configuration list for PBXNativeTarget "spt" */;
			buildPhases = (
				1E74008C2C21490C007308E2 /* Sources */,
				1E74008D2C21490C007308E2 /* Frameworks */,
				1E74008E2C21490C007308E2 /* Resources */,
			);
			buildRules = (
			);
			dependencies = (
			);
			name = spt;
			productName = spt;
			productReference = 1E7400902C21490C007308E2 /* spt.app */;
			productType = "com.apple.product-type.application";
		};
		1E7400A12C21490D007308E2 /* sptTests */ = {
			isa = PBXNativeTarget;
			buildConfigurationList = 1E7400B92C21490D007308E2 /* Build configuration list for PBXNativeTarget "sptTests" */;
			buildPhases = (
				1E74009E2C21490D007308E2 /* Sources */,
				1E74009F2C21490D007308E2 /* Frameworks */,
				1E7400A02C21490D007308E2 /* Resources */,
			);
			buildRules = (
			);
			dependencies = (
				1E7400A42C21490D007308E2 /* PBXTargetDependency */,
			);
			name = sptTests;
			productName = sptTests;
			productReference = 1E7400A22C21490D007308E2 /* sptTests.xctest */;
			productType = "com.apple.product-type.bundle.unit-test";
		};
		1E7400AB2C21490D007308E2 /* sptUITests */ = {
			isa = PBXNativeTarget;
			buildConfigurationList = 1E7400BC2C21490D007308E2 /* Build configuration list for PBXNativeTarget "sptUITests" */;
			buildPhases = (
				1E7400A82C21490D007308E2 /* Sources */,
				1E7400A92C21490D007308E2 /* Frameworks */,
				1E7400AA2C21490D007308E2 /* Resources */,
			);
			buildRules = (
			);
			dependencies = (
				1E7400AE2C21490D007308E2 /* PBXTargetDependency */,
			);
			name = sptUITests;
			productName = sptUITests;
			productReference = 1E7400AC2C21490D007308E2 /* sptUITests.xctest */;
			productType = "com.apple.product-type.bundle.ui-testing";
		};
/* End PBXNativeTarget section */

/* Begin PBXProject section */
		1E7400882C21490C007308E2 /* Project object */ = {
			isa = PBXProject;
			attributes = {
				BuildIndependentTargetsInParallel = 1;
				LastSwiftUpdateCheck = 1540;
				LastUpgradeCheck = 1540;
				TargetAttributes = {
					1E74008F2C21490C007308E2 = {
						CreatedOnToolsVersion = 15.4;
					};
					1E7400A12C21490D007308E2 = {
						CreatedOnToolsVersion = 15.4;
						TestTargetID = 1E74008F2C21490C007308E2;
					};
					1E7400AB2C21490D007308E2 = {
						CreatedOnToolsVersion = 15.4;
						TestTargetID = 1E74008F2C21490C007308E2;
					};
				};
			};
			buildConfigurationList = 1E74008B2C21490C007308E2 /* Build configuration list for PBXProject "spt" */;
			compatibilityVersion = "Xcode 14.0";
			developmentRegion = en;
			hasScannedForEncodings = 0;
			knownRegions = (
				en,
				Base,
			);
			mainGroup = 1E7400872C21490C007308E2;
			productRefGroup = 1E7400912C21490C007308E2 /* Products */;
			projectDirPath = "";
			projectRoot = "";
			targets = (
				1E74008F2C21490C007308E2 /* spt */,
				1E7400A12C21490D007308E2 /* sptTests */,
				1E7400AB2C21490D007308E2 /* sptUITests */,
			);
		};
/* End PBXProject section */

/* Begin PBXResourcesBuildPhase section */
		1E74008E2C21490C007308E2 /* Resources */ = {
			isa = PBXResourcesBuildPhase;
			buildActionMask = 2147483647;
			files = (
				1E74009D2C21490D007308E2 /* Preview Assets.xcassets in Resources */,
				1E74009A2C21490D007308E2 /* Assets.xcassets in Resources */,
			);
			runOnlyForDeploymentPostprocessing = 0;
		};
		1E7400A02C21490D007308E2 /* Resources */ = {
			isa = PBXResourcesBuildPhase;
			buildActionMask = 2147483647;
			files = (
			);
			runOnlyForDeploymentPostprocessing = 0;
		};
		1E7400AA2C21490D007308E2 /* Resources */ = {
			isa = PBXResourcesBuildPhase;
			buildActionMask = 2147483647;
			files = (
			);
			runOnlyForDeploymentPostprocessing = 0;
		};
/* End PBXResourcesBuildPhase section */

/* Begin PBXSourcesBuildPhase section */
		1E74008C2C21490C007308E2 /* Sources */ = {
			isa = PBXSourcesBuildPhase;
			buildActionMask = 2147483647;
			files = (
				1E7400962C21490C007308E2 /* ContentView.swift in Sources */,
				1E7400982C21490C007308E2 /* Item.swift in Sources */,
				1E7400942C21490C007308E2 /* sptApp.swift in Sources */,
			);
			runOnlyForDeploymentPostprocessing = 0;
		};
		1E74009E2C21490D007308E2 /* Sources */ = {
			isa = PBXSourcesBuildPhase;
			buildActionMask = 2147483647;
			files = (
				1E7400A72C21490D007308E2 /* sptTests.swift in Sources */,
			);
			runOnlyForDeploymentPostprocessing = 0;
		};
		1E7400A82C21490D007308E2 /* Sources */ = {
			isa = PBXSourcesBuildPhase;
			buildActionMask = 2147483647;
			files = (
				1E7400B32C21490D007308E2 /* sptUITestsLaunchTests.swift in Sources */,
				1E7400B12C21490D007308E2 /* sptUITests.swift in Sources */,
			);
			runOnlyForDeploymentPostprocessing = 0;
		};
/* End PBXSourcesBuildPhase section */

/* Begin PBXTargetDependency section */
		1E7400A42C21490D007308E2 /* PBXTargetDependency */ = {
			isa = PBXTargetDependency;
			target = 1E74008F2C21490C007308E2 /* spt */;
			targetProxy = 1E7400A32C21490D007308E2 /* PBXContainerItemProxy */;
		};
		1E7400AE2C21490D007308E2 /* PBXTargetDependency */ = {
			isa = PBXTargetDependency;
			target = 1E74008F2C21490C007308E2 /* spt */;
			targetProxy = 1E7400AD2C21490D007308E2 /* PBXContainerItemProxy */;
		};
/* End PBXTargetDependency section */

/* Begin XCBuildConfiguration section */
		1E7400B42C21490D007308E2 /* Debug */ = {
			isa = XCBuildConfiguration;
			buildSettings = {
				ALWAYS_SEARCH_USER_PATHS = NO;
				ASSETCATALOG_COMPILER_GENERATE_SWIFT_ASSET_SYMBOL_EXTENSIONS = YES;
				CLANG_ANALYZER_NONNULL = YES;
				CLANG_ANALYZER_NUMBER_OBJECT_CONVERSION = YES_AGGRESSIVE;
				CLANG_CXX_LANGUAGE_STANDARD = "gnu++20";
				CLANG_ENABLE_MODULES = YES;
				CLANG_ENABLE_OBJC_ARC = YES;
				CLANG_ENABLE_OBJC_WEAK = YES;
				CLANG_WARN_BLOCK_CAPTURE_AUTORELEASING = YES;
				CLANG_WARN_BOOL_CONVERSION = YES;
				CLANG_WARN_COMMA = YES;
				CLANG_WARN_CONSTANT_CONVERSION = YES;
				CLANG_WARN_DEPRECATED_OBJC_IMPLEMENTATIONS = YES;
				CLANG_WARN_DIRECT_OBJC_ISA_USAGE = YES_ERROR;
				CLANG_WARN_DOCUMENTATION_COMMENTS = YES;
				CLANG_WARN_EMPTY_BODY = YES;
				CLANG_WARN_ENUM_CONVERSION = YES;
				CLANG_WARN_INFINITE_RECURSION = YES;
				CLANG_WARN_INT_CONVERSION = YES;
				CLANG_WARN_NON_LITERAL_NULL_CONVERSION = YES;
				CLANG_WARN_OBJC_IMPLICIT_RETAIN_SELF = YES;
				CLANG_WARN_OBJC_LITERAL_CONVERSION = YES;
				CLANG_WARN_OBJC_ROOT_CLASS = YES_ERROR;
				CLANG_WARN_QUOTED_INCLUDE_IN_FRAMEWORK_HEADER = YES;
				CLANG_WARN_RANGE_LOOP_ANALYSIS = YES;
				CLANG_WARN_STRICT_PROTOTYPES = YES;
				CLANG_WARN_SUSPICIOUS_MOVE = YES;
				CLANG_WARN_UNGUARDED_AVAILABILITY = YES_AGGRESSIVE;
				CLANG_WARN_UNREACHABLE_CODE = YES;
				CLANG_WARN__DUPLICATE_METHOD_MATCH = YES;
				COPY_PHASE_STRIP = NO;
				DEBUG_INFORMATION_FORMAT = dwarf;
				ENABLE_STRICT_OBJC_MSGSEND = YES;
				ENABLE_TESTABILITY = YES;
				ENABLE_USER_SCRIPT_SANDBOXING = YES;
				GCC_C_LANGUAGE_STANDARD = gnu17;
				GCC_DYNAMIC_NO_PIC = NO;
				GCC_NO_COMMON_BLOCKS = YES;
				GCC_OPTIMIZATION_LEVEL = 0;
				GCC_PREPROCESSOR_DEFINITIONS = (
					"DEBUG=1",
					"$(inherited)",
				);
				GCC_WARN_64_TO_32_BIT_CONVERSION = YES;
				GCC_WARN_ABOUT_RETURN_TYPE = YES_ERROR;
				GCC_WARN_UNDECLARED_SELECTOR = YES;
				GCC_WARN_UNINITIALIZED_AUTOS = YES_AGGRESSIVE;
				GCC_WARN_UNUSED_FUNCTION = YES;
				GCC_WARN_UNUSED_VARIABLE = YES;
				IPHONEOS_DEPLOYMENT_TARGET = 17.5;
				LOCALIZATION_PREFERS_STRING_CATALOGS = YES;
				MTL_ENABLE_DEBUG_INFO = INCLUDE_SOURCE;
				MTL_FAST_MATH = YES;
				ONLY_ACTIVE_ARCH = YES;
				SDKROOT = iphoneos;
				SWIFT_ACTIVE_COMPILATION_CONDITIONS = "DEBUG $(inherited)";
				SWIFT_OPTIMIZATION_LEVEL = "-Onone";
			};
			name = Debug;
		};
		1E7400B52C21490D007308E2 /* Release */ = {
			isa = XCBuildConfiguration;
			buildSettings = {
				ALWAYS_SEARCH_USER_PATHS = NO;
				ASSETCATALOG_COMPILER_GENERATE_SWIFT_ASSET_SYMBOL_EXTENSIONS = YES;
				CLANG_ANALYZER_NONNULL = YES;
				CLANG_ANALYZER_NUMBER_OBJECT_CONVERSION = YES_AGGRESSIVE;
				CLANG_CXX_LANGUAGE_STANDARD = "gnu++20";
				CLANG_ENABLE_MODULES = YES;
				CLANG_ENABLE_OBJC_ARC = YES;
				CLANG_ENABLE_OBJC_WEAK = YES;
				CLANG_WARN_BLOCK_CAPTURE_AUTORELEASING = YES;
				CLANG_WARN_BOOL_CONVERSION = YES;
				CLANG_WARN_COMMA = YES;
				CLANG_WARN_CONSTANT_CONVERSION = YES;
				CLANG_WARN_DEPRECATED_OBJC_IMPLEMENTATIONS = YES;
				CLANG_WARN_DIRECT_OBJC_ISA_USAGE = YES_ERROR;
				CLANG_WARN_DOCUMENTATION_COMMENTS = YES;
				CLANG_WARN_EMPTY_BODY = YES;
				CLANG_WARN_ENUM_CONVERSION = YES;
				CLANG_WARN_INFINITE_RECURSION = YES;
				CLANG_WARN_INT_CONVERSION = YES;
				CLANG_WARN_NON_LITERAL_NULL_CONVERSION = YES;
				CLANG_WARN_OBJC_IMPLICIT_RETAIN_SELF = YES;
				CLANG_WARN_OBJC_LITERAL_CONVERSION = YES;
				CLANG_WARN_OBJC_ROOT_CLASS = YES_ERROR;
				CLANG_WARN_QUOTED_INCLUDE_IN_FRAMEWORK_HEADER = YES;
				CLANG_WARN_RANGE_LOOP_ANALYSIS = YES;
				CLANG_WARN_STRICT_PROTOTYPES = YES;
				CLANG_WARN_SUSPICIOUS_MOVE = YES;
				CLANG_WARN_UNGUARDED_AVAILABILITY = YES_AGGRESSIVE;
				CLANG_WARN_UNREACHABLE_CODE = YES;
				CLANG_WARN__DUPLICATE_METHOD_MATCH = YES;
				COPY_PHASE_STRIP = NO;
				DEBUG_INFORMATION_FORMAT = "dwarf-with-dsym";
				ENABLE_NS_ASSERTIONS = NO;
				ENABLE_STRICT_OBJC_MSGSEND = YES;
				ENABLE_USER_SCRIPT_SANDBOXING = YES;
				GCC_C_LANGUAGE_STANDARD = gnu17;
				GCC_NO_COMMON_BLOCKS = YES;
				GCC_WARN_64_TO_32_BIT_CONVERSION = YES;
				GCC_WARN_ABOUT_RETURN_TYPE = YES_ERROR;
				GCC_WARN_UNDECLARED_SELECTOR = YES;
				GCC_WARN_UNINITIALIZED_AUTOS = YES_AGGRESSIVE;
				GCC_WARN_UNUSED_FUNCTION = YES;
				GCC_WARN_UNUSED_VARIABLE = YES;
				IPHONEOS_DEPLOYMENT_TARGET = 17.5;
				LOCALIZATION_PREFERS_STRING_CATALOGS = YES;
				MTL_ENABLE_DEBUG_INFO = NO;
				MTL_FAST_MATH = YES;
				SDKROOT = iphoneos;
				SWIFT_COMPILATION_MODE = wholemodule;
				VALIDATE_PRODUCT = YES;
			};
			name = Release;
		};
		1E7400B72C21490D007308E2 /* Debug */ = {
			isa = XCBuildConfiguration;
			buildSettings = {
				ASSETCATALOG_COMPILER_APPICON_NAME = AppIcon;
				ASSETCATALOG_COMPILER_GLOBAL_ACCENT_COLOR_NAME = AccentColor;
				CODE_SIGN_STYLE = Automatic;
				CURRENT_PROJECT_VERSION = 1;
				DEVELOPMENT_ASSET_PATHS = "\"spt/Preview Content\"";
				DEVELOPMENT_TEAM = D74B556YUW;
				ENABLE_PREVIEWS = YES;
				GENERATE_INFOPLIST_FILE = YES;
				INFOPLIST_KEY_UIApplicationSceneManifest_Generation = YES;
				INFOPLIST_KEY_UIApplicationSupportsIndirectInputEvents = YES;
				INFOPLIST_KEY_UILaunchScreen_Generation = YES;
				INFOPLIST_KEY_UISupportedInterfaceOrientations_iPad = "UIInterfaceOrientationPortrait UIInterfaceOrientationPortraitUpsideDown UIInterfaceOrientationLandscapeLeft UIInterfaceOrientationLandscapeRight";
				INFOPLIST_KEY_UISupportedInterfaceOrientations_iPhone = "UIInterfaceOrientationPortrait UIInterfaceOrientationLandscapeLeft UIInterfaceOrientationLandscapeRight";
				LD_RUNPATH_SEARCH_PATHS = (
					"$(inherited)",
					"@executable_path/Frameworks",
				);
				MARKETING_VERSION = 1.0;
				PRODUCT_BUNDLE_IDENTIFIER = com.simranzutshi.spt;
				PRODUCT_NAME = "$(TARGET_NAME)";
				SWIFT_EMIT_LOC_STRINGS = YES;
				SWIFT_VERSION = 5.0;
				TARGETED_DEVICE_FAMILY = "1,2";
			};
			name = Debug;
		};
		1E7400B82C21490D007308E2 /* Release */ = {
			isa = XCBuildConfiguration;
			buildSettings = {
				ASSETCATALOG_COMPILER_APPICON_NAME = AppIcon;
				ASSETCATALOG_COMPILER_GLOBAL_ACCENT_COLOR_NAME = AccentColor;
				CODE_SIGN_STYLE = Automatic;
				CURRENT_PROJECT_VERSION = 1;
				DEVELOPMENT_ASSET_PATHS = "\"spt/Preview Content\"";
				DEVELOPMENT_TEAM = D74B556YUW;
				ENABLE_PREVIEWS = YES;
				GENERATE_INFOPLIST_FILE = YES;
				INFOPLIST_KEY_UIApplicationSceneManifest_Generation = YES;
				INFOPLIST_KEY_UIApplicationSupportsIndirectInputEvents = YES;
				INFOPLIST_KEY_UILaunchScreen_Generation = YES;
				INFOPLIST_KEY_UISupportedInterfaceOrientations_iPad = "UIInterfaceOrientationPortrait UIInterfaceOrientationPortraitUpsideDown UIInterfaceOrientationLandscapeLeft UIInterfaceOrientationLandscapeRight";
				INFOPLIST_KEY_UISupportedInterfaceOrientations_iPhone = "UIInterfaceOrientationPortrait UIInterfaceOrientationLandscapeLeft UIInterfaceOrientationLandscapeRight";
				LD_RUNPATH_SEARCH_PATHS = (
					"$(inherited)",
					"@executable_path/Frameworks",
				);
				MARKETING_VERSION = 1.0;
				PRODUCT_BUNDLE_IDENTIFIER = com.simranzutshi.spt;
				PRODUCT_NAME = "$(TARGET_NAME)";
				SWIFT_EMIT_LOC_STRINGS = YES;
				SWIFT_VERSION = 5.0;
				TARGETED_DEVICE_FAMILY = "1,2";
			};
			name = Release;
		};
		1E7400BA2C21490D007308E2 /* Debug */ = {
			isa = XCBuildConfiguration;
			buildSettings = {
				ALWAYS_EMBED_SWIFT_STANDARD_LIBRARIES = YES;
				BUNDLE_LOADER = "$(TEST_HOST)";
				CODE_SIGN_STYLE = Automatic;
				CURRENT_PROJECT_VERSION = 1;
				DEVELOPMENT_TEAM = D74B556YUW;
				GENERATE_INFOPLIST_FILE = YES;
				IPHONEOS_DEPLOYMENT_TARGET = 17.5;
				MARKETING_VERSION = 1.0;
				PRODUCT_BUNDLE_IDENTIFIER = com.simranzutshi.sptTests;
				PRODUCT_NAME = "$(TARGET_NAME)";
				SWIFT_EMIT_LOC_STRINGS = NO;
				SWIFT_VERSION = 5.0;
				TARGETED_DEVICE_FAMILY = "1,2";
				TEST_HOST = "$(BUILT_PRODUCTS_DIR)/spt.app/$(BUNDLE_EXECUTABLE_FOLDER_PATH)/spt";
			};
			name = Debug;
		};
		1E7400BB2C21490D007308E2 /* Release */ = {
			isa = XCBuildConfiguration;
			buildSettings = {
				ALWAYS_EMBED_SWIFT_STANDARD_LIBRARIES = YES;
				BUNDLE_LOADER = "$(TEST_HOST)";
				CODE_SIGN_STYLE = Automatic;
				CURRENT_PROJECT_VERSION = 1;
				DEVELOPMENT_TEAM = D74B556YUW;
				GENERATE_INFOPLIST_FILE = YES;
				IPHONEOS_DEPLOYMENT_TARGET = 17.5;
				MARKETING_VERSION = 1.0;
				PRODUCT_BUNDLE_IDENTIFIER = com.simranzutshi.sptTests;
				PRODUCT_NAME = "$(TARGET_NAME)";
				SWIFT_EMIT_LOC_STRINGS = NO;
				SWIFT_VERSION = 5.0;
				TARGETED_DEVICE_FAMILY = "1,2";
				TEST_HOST = "$(BUILT_PRODUCTS_DIR)/spt.app/$(BUNDLE_EXECUTABLE_FOLDER_PATH)/spt";
			};
			name = Release;
		};
		1E7400BD2C21490D007308E2 /* Debug */ = {
			isa = XCBuildConfiguration;
			buildSettings = {
				ALWAYS_EMBED_SWIFT_STANDARD_LIBRARIES = YES;
				CODE_SIGN_STYLE = Automatic;
				CURRENT_PROJECT_VERSION = 1;
				DEVELOPMENT_TEAM = D74B556YUW;
				GENERATE_INFOPLIST_FILE = YES;
				MARKETING_VERSION = 1.0;
				PRODUCT_BUNDLE_IDENTIFIER = com.simranzutshi.sptUITests;
				PRODUCT_NAME = "$(TARGET_NAME)";
				SWIFT_EMIT_LOC_STRINGS = NO;
				SWIFT_VERSION = 5.0;
				TARGETED_DEVICE_FAMILY = "1,2";
				TEST_TARGET_NAME = spt;
			};
			name = Debug;
		};
		1E7400BE2C21490D007308E2 /* Release */ = {
			isa = XCBuildConfiguration;
			buildSettings = {
				ALWAYS_EMBED_SWIFT_STANDARD_LIBRARIES = YES;
				CODE_SIGN_STYLE = Automatic;
				CURRENT_PROJECT_VERSION = 1;
				DEVELOPMENT_TEAM = D74B556YUW;
				GENERATE_INFOPLIST_FILE = YES;
				MARKETING_VERSION = 1.0;
				PRODUCT_BUNDLE_IDENTIFIER = com.simranzutshi.sptUITests;
				PRODUCT_NAME = "$(TARGET_NAME)";
				SWIFT_EMIT_LOC_STRINGS = NO;
				SWIFT_VERSION = 5.0;
				TARGETED_DEVICE_FAMILY = "1,2";
				TEST_TARGET_NAME = spt;
			};
			name = Release;
		};
/* End XCBuildConfiguration section */

/* Begin XCConfigurationList section */
		1E74008B2C21490C007308E2 /* Build configuration list for PBXProject "spt" */ = {
			isa = XCConfigurationList;
			buildConfigurations = (
				1E7400B42C21490D007308E2 /* Debug */,
				1E7400B52C21490D007308E2 /* Release */,
			);
			defaultConfigurationIsVisible = 0;
			defaultConfigurationName = Release;
		};
		1E7400B62C21490D007308E2 /* Build configuration list for PBXNativeTarget "spt" */ = {
			isa = XCConfigurationList;
			buildConfigurations = (
				1E7400B72C21490D007308E2 /* Debug */,
				1E7400B82C21490D007308E2 /* Release */,
			);
			defaultConfigurationIsVisible = 0;
			defaultConfigurationName = Release;
		};
		1E7400B92C21490D007308E2 /* Build configuration list for PBXNativeTarget "sptTests" */ = {
			isa = XCConfigurationList;
			buildConfigurations = (
				1E7400BA2C21490D007308E2 /* Debug */,
				1E7400BB2C21490D007308E2 /* Release */,
			);
			defaultConfigurationIsVisible = 0;
			defaultConfigurationName = Release;
		};
		1E7400BC2C21490D007308E2 /* Build configuration list for PBXNativeTarget "sptUITests" */ = {
			isa = XCConfigurationList;
			buildConfigurations = (
				1E7400BD2C21490D007308E2 /* Debug */,
				1E7400BE2C21490D007308E2 /* Release */,
			);
			defaultConfigurationIsVisible = 0;
			defaultConfigurationName = Release;
		};
/* End XCConfigurationList section */
	};
	rootObject = 1E7400882C21490C007308E2 /* Project object */;
}
